{
  "name": "lms",
  "version": "1.0.0",
  "lockfileVersion": 1,
  "requires": true,
  "dependencies": {
    "@axe-core/playwright": {
      "version": "4.6.0",
      "resolved": "https://registry.npmjs.org/@axe-core/playwright/-/playwright-4.6.0.tgz",
      "integrity": "sha512-q9K4GVJ1fH8FQqErgs01dwzhOJ03vZDfMg+vO9Er05BxQOCp9Rm8oyB3byVzC7oNlxFaPU1qQ8zLwZYypHmchw==",
      "dev": true,
      "requires": {
        "axe-core": "^4.6.1"
      }
    },
    "@faker-js/faker": {
      "version": "7.6.0",
      "resolved": "https://registry.npmjs.org/@faker-js/faker/-/faker-7.6.0.tgz",
      "integrity": "sha512-XK6BTq1NDMo9Xqw/YkYyGjSsg44fbNwYRx7QK2CuoQgyy+f1rrTDHoExVM5PsyXCtfl2vs2vVJ0MN0yN6LppRw==",
      "dev": true
    },
    "@playwright/test": {
      "version": "1.30.0",
      "resolved": false,
      "integrity": "sha512-SVxkQw1xvn/Wk/EvBnqWIq6NLo1AppwbYOjNLmyU0R1RoQ3rLEBtmjTnElcnz8VEtn11fptj1ECxK0tgURhajw==",
      "dev": true,
      "requires": {
        "@types/node": "*",
        "playwright-core": "1.30.0"
      }
    },
    "@types/node": {
      "version": "18.13.0",
      "resolved": "https://registry.npmjs.org/@types/node/-/node-18.13.0.tgz",
      "integrity": "sha512-gC3TazRzGoOnoKAhUx+Q0t8S9Tzs74z7m0ipwGpSqQrleP14hKxP4/JUeEQcD3W1/aIpnWl8pHowI7WokuZpXg==",
      "dev": true
    },
    "axe-core": {
      "version": "4.6.3",
      "resolved": "https://registry.npmjs.org/axe-core/-/axe-core-4.6.3.tgz",
      "integrity": "sha512-/BQzOX780JhsxDnPpH4ZiyrJAzcd8AfzFPkv+89veFSr1rcMjuq2JDCwypKaPeB6ljHp9KjXhPpjgCvQlWYuqg==",
      "dev": true
    },
    "playwright-core": {
      "version": "1.30.0",
      "resolved": "https://registry.npmjs.org/playwright-core/-/playwright-core-1.30.0.tgz",
      "integrity": "sha512-7AnRmTCf+GVYhHbLJsGUtskWTE33SwMZkybJ0v6rqR1boxq2x36U7p1vDRV7HO2IwTZgmycracLxPEJI49wu4g==",
      "dev": true
    }
  }
}
